{
  "version": 4,
  "terraform_version": "1.1.0",
  "serial": 57,
  "lineage": "770585cf-833e-1df9-e455-f2420c4f7fcc",
  "outputs": {
    "instance_ip": {
      "value": "34.244.74.174",
      "type": "string"
    }
  },
  "resources": [
    {
      "mode": "managed",
      "type": "aws_instance",
      "name": "instance",
      "provider": "provider[\"registry.terraform.io/hashicorp/aws\"]",
      "instances": [
        {
          "schema_version": 1,
          "attributes": {
            "ami": "ami-08ca3fed11864d6bb",
            "arn": "arn:aws:ec2:eu-west-1:272058263048:instance/i-02d059cfd8ca6a68e",
            "associate_public_ip_address": true,
            "availability_zone": "eu-west-1c",
            "capacity_reservation_specification": [
              {
                "capacity_reservation_preference": "open",
                "capacity_reservation_target": []
              }
            ],
            "cpu_core_count": 1,
            "cpu_threads_per_core": 2,
            "credit_specification": [
              {
                "cpu_credits": "unlimited"
              }
            ],
            "disable_api_termination": false,
            "ebs_block_device": [],
            "ebs_optimized": false,
            "enclave_options": [
              {
                "enabled": false
              }
            ],
            "ephemeral_block_device": [],
            "get_password_data": false,
            "hibernation": false,
            "host_id": null,
            "iam_instance_profile": "",
            "id": "i-02d059cfd8ca6a68e",
            "instance_initiated_shutdown_behavior": "stop",
            "instance_state": "running",
            "instance_type": "t3.micro",
            "ipv6_address_count": 0,
            "ipv6_addresses": [],
            "key_name": "gpenaud",
            "launch_template": [],
            "metadata_options": [
              {
                "http_endpoint": "enabled",
                "http_put_response_hop_limit": 1,
                "http_tokens": "optional",
                "instance_metadata_tags": "disabled"
              }
            ],
            "monitoring": false,
            "network_interface": [],
            "outpost_arn": "",
            "password_data": "",
            "placement_group": "",
            "placement_partition_number": null,
            "primary_network_interface_id": "eni-03c116cb327d619ee",
            "private_dns": "ip-172-31-4-12.eu-west-1.compute.internal",
            "private_ip": "172.31.4.12",
            "public_dns": "ec2-34-244-74-174.eu-west-1.compute.amazonaws.com",
            "public_ip": "34.244.74.174",
            "root_block_device": [
              {
                "delete_on_termination": true,
                "device_name": "/dev/sda1",
                "encrypted": false,
                "iops": 100,
                "kms_key_id": "",
                "tags": {},
                "throughput": 0,
                "volume_id": "vol-0061c78f3d2aef554",
                "volume_size": 8,
                "volume_type": "gp2"
              }
            ],
            "secondary_private_ips": [],
            "security_groups": [
              "cagette-sg"
            ],
            "source_dest_check": true,
            "subnet_id": "subnet-011e8e34db2004f2c",
            "tags": {
              "name": "docker-server-for-cagette",
              "owner": "Guillaume Penaud"
            },
            "tags_all": {
              "name": "docker-server-for-cagette",
              "owner": "Guillaume Penaud"
            },
            "tenancy": "default",
            "timeouts": null,
            "user_data": null,
            "user_data_base64": null,
            "volume_tags": null,
            "vpc_security_group_ids": [
              "sg-0e0560919b383e9fa"
            ]
          },
          "sensitive_attributes": [],
          "private": "eyJlMmJmYjczMC1lY2FhLTExZTYtOGY4OC0zNDM2M2JjN2M0YzAiOnsiY3JlYXRlIjo2MDAwMDAwMDAwMDAsImRlbGV0ZSI6MTIwMDAwMDAwMDAwMCwidXBkYXRlIjo2MDAwMDAwMDAwMDB9LCJzY2hlbWFfdmVyc2lvbiI6IjEifQ==",
          "dependencies": [
            "aws_key_pair.ssh_key",
            "aws_security_group.security_groups"
          ]
        }
      ]
    },
    {
      "mode": "managed",
      "type": "aws_key_pair",
      "name": "ssh_key",
      "provider": "provider[\"registry.terraform.io/hashicorp/aws\"]",
      "instances": [
        {
          "schema_version": 1,
          "attributes": {
            "arn": "arn:aws:ec2:eu-west-1:272058263048:key-pair/gpenaud",
            "fingerprint": "75:b3:a2:2f:1d:f8:42:4a:6d:33:5c:da:48:78:72:00",
            "id": "gpenaud",
            "key_name": "gpenaud",
            "key_name_prefix": "",
            "key_pair_id": "key-00aec695ead611b17",
            "public_key": "ssh-rsa AAAAB3NzaC1yc2EAAAADAQABAAACAQDLLNYwcvkVf6Zol/gE03XtMKc31gaALFzXeMyZXWfT1MAqgmpPF/lZWMjpzvA5X2xwDknSOQIOw27N8wKXlp9bBY6N2Nw5EbVOzW8eWKU/lCq0FkoE36yiBR+8ISV6eqc0BAJtYrv8AiujbGRApzf7kBGCXrDcdY4GKxiy1gqLBnnRxk+q9ystZBaC14YNnhaIzt1YhcVKPnj/BV+RUkL5Mmf5nlcqNKuOKmh0TZwJdjITwF6aRugKdajr03ZXL0MbaHG3bM8/DRoCLFXr53jPCuvAydNcLsaTvs6NjaXfUJJnKZ4L3vBHsmLB9vDXfA/mw8GYlnSn5O1PrLkZ1wbZOzcnFGZAUju8poY96WIVcQzc08Ne3zSxYlh0wAepy/8lhoV7ubkn2EhiWmawa5DYNQS/GJymFlYT0dGzOL6uyljB5KeFJm4J3zXl7secELVmezII6N9iBuz1B/vjCRYByAoV9PbGw6yn7g2Lt6byCjUmQk9MCR1dhly0uFJ14tgp6UX2TLn5o9eCj7MfQBVvOSV0fyyb1ijigJGRO1NIF3Ddz2fPzygt3aU4K3XRwEKaT4T9rau0ltGu7/LEpiS/8NT88lGMK3FeSyB0fq/6p25B58FrRzQf2vFk8l+dp1DfXl2C0k83c3gNE2BLtcW0puLF6pvNIwlTMV35k9xTVw== gpenaud@personal",
            "tags": {
              "name": "docker-server-for-cagette",
              "owner": "Guillaume Penaud"
            },
            "tags_all": {
              "name": "docker-server-for-cagette",
              "owner": "Guillaume Penaud"
            }
          },
          "sensitive_attributes": [],
          "private": "eyJzY2hlbWFfdmVyc2lvbiI6IjEifQ=="
        }
      ]
    },
    {
      "mode": "managed",
      "type": "aws_security_group",
      "name": "security_groups",
      "provider": "provider[\"registry.terraform.io/hashicorp/aws\"]",
      "instances": [
        {
          "schema_version": 1,
          "attributes": {
            "arn": "arn:aws:ec2:eu-west-1:272058263048:security-group/sg-0e0560919b383e9fa",
            "description": "security group for cagette",
            "egress": [
              {
                "cidr_blocks": [
                  "0.0.0.0/0"
                ],
                "description": "allow all ports on egress",
                "from_port": 0,
                "ipv6_cidr_blocks": [],
                "prefix_list_ids": [],
                "protocol": "-1",
                "security_groups": [],
                "self": false,
                "to_port": 0
              }
            ],
            "id": "sg-0e0560919b383e9fa",
            "ingress": [
              {
                "cidr_blocks": [
                  "0.0.0.0/0"
                ],
                "description": "allow ssh / http / https ports on ingress",
                "from_port": 22,
                "ipv6_cidr_blocks": [],
                "prefix_list_ids": [],
                "protocol": "tcp",
                "security_groups": [],
                "self": false,
                "to_port": 22
              },
              {
                "cidr_blocks": [
                  "0.0.0.0/0"
                ],
                "description": "allow ssh / http / https ports on ingress",
                "from_port": 443,
                "ipv6_cidr_blocks": [],
                "prefix_list_ids": [],
                "protocol": "tcp",
                "security_groups": [],
                "self": false,
                "to_port": 443
              },
              {
                "cidr_blocks": [
                  "0.0.0.0/0"
                ],
                "description": "allow ssh / http / https ports on ingress",
                "from_port": 80,
                "ipv6_cidr_blocks": [],
                "prefix_list_ids": [],
                "protocol": "tcp",
                "security_groups": [],
                "self": false,
                "to_port": 80
              }
            ],
            "name": "cagette-sg",
            "name_prefix": "",
            "owner_id": "272058263048",
            "revoke_rules_on_delete": false,
            "tags": {
              "name": "docker-server-for-cagette",
              "owner": "Guillaume Penaud"
            },
            "tags_all": {
              "name": "docker-server-for-cagette",
              "owner": "Guillaume Penaud"
            },
            "timeouts": null,
            "vpc_id": "vpc-0fde289ad4e2c271c"
          },
          "sensitive_attributes": [],
          "private": "eyJlMmJmYjczMC1lY2FhLTExZTYtOGY4OC0zNDM2M2JjN2M0YzAiOnsiY3JlYXRlIjo2MDAwMDAwMDAwMDAsImRlbGV0ZSI6OTAwMDAwMDAwMDAwfSwic2NoZW1hX3ZlcnNpb24iOiIxIn0="
        }
      ]
    }
  ]
}
